
Microsoft Visual Studio Solution File, Format Version 12.00
# Visual Studio Version 16
VisualStudioVersion = 16.0.29721.120
MinimumVisualStudioVersion = 10.0.40219.1
Project("{FAE04EC0-301F-11D3-BF4B-00C04F79EFBC}") = "ProductApi", "ProductApi\ProductApi.csproj", "{3766AAA8-B7BC-4693-8CB2-F99E440603C2}"
EndProject
Global
	GlobalSection(SolutionConfigurationPlatforms) = preSolution
		Debug|Any CPU = Debug|Any CPU
		Release|Any CPU = Release|Any CPU
	EndGlobalSection
	GlobalSection(ProjectConfigurationPlatforms) = postSolution
		{3766AAA8-B7BC-4693-8CB2-F99E440603C2}.Debug|Any CPU.ActiveCfg = Debug|Any CPU
		{3766AAA8-B7BC-4693-8CB2-F99E440603C2}.Debug|Any CPU.Build.0 = Debug|Any CPU
		{3766AAA8-B7BC-4693-8CB2-F99E440603C2}.Release|Any CPU.ActiveCfg = Release|Any CPU
		{3766AAA8-B7BC-4693-8CB2-F99E440603C2}.Release|Any CPU.Build.0 = Release|Any CPU
	EndGlobalSection
	GlobalSection(SolutionProperties) = preSolution
		HideSolutionNode = FALSE
	EndGlobalSection
	GlobalSection(ExtensibilityGlobals) = postSolution
		SolutionGuid = {FE9B88E1-99CB-4082-9C9C-996C4A4EB2EF}
	EndGlobalSection
EndGlobal
